Microsoft Visual Studio Solution File, Format Version 12.00
# Visual Studio Version 17
VisualStudioVersion = 17.0.31903.59
MinimumVisualStudioVersion = 10.0.40219.1
Project("{FAE04EC0-301F-11D3-BF4B-00C04F79EFBC}") = "Bw.Processes", "Bw.Processes\Bw.Processes.csproj", "{88888888-8888-8888-8888-888888888888}"
EndProject
Project("{FAE04EC0-301F-11D3-BF4B-00C04F79EFBC}") = "Bw.Api", "Bw.Api\Bw.Api.csproj", "{F1718C6C-2583-B4F9-177E-CC3E64913DE0}"
EndProject
Project("{FAE04EC0-301F-11D3-BF4B-00C04F79EFBC}") = "Company.Tibco.Bw.Worker", "C:\Users\Dhana\Downloads\TibcoMigrationComplete\03-BW\Company.Tibco.Bw.Worker\Company.Tibco.Bw.Worker.csproj", "{5B29FCA6-27EB-B348-13C1-0EA986EC26A7}"
EndProject
Global
	GlobalSection(SolutionConfigurationPlatforms) = preSolution
		Debug|Any CPU = Debug|Any CPU
		Release|Any CPU = Release|Any CPU
	EndGlobalSection
	GlobalSection(ProjectConfigurationPlatforms) = postSolution
		{88888888-8888-8888-8888-888888888888}.Debug|Any CPU.ActiveCfg = Debug|Any CPU
		{88888888-8888-8888-8888-888888888888}.Debug|Any CPU.Build.0 = Debug|Any CPU
		{88888888-8888-8888-8888-888888888888}.Release|Any CPU.ActiveCfg = Release|Any CPU
		{88888888-8888-8888-8888-888888888888}.Release|Any CPU.Build.0 = Release|Any CPU
		{F1718C6C-2583-B4F9-177E-CC3E64913DE0}.Debug|Any CPU.ActiveCfg = Debug|Any CPU
		{F1718C6C-2583-B4F9-177E-CC3E64913DE0}.Debug|Any CPU.Build.0 = Debug|Any CPU
		{F1718C6C-2583-B4F9-177E-CC3E64913DE0}.Release|Any CPU.ActiveCfg = Release|Any CPU
		{F1718C6C-2583-B4F9-177E-CC3E64913DE0}.Release|Any CPU.Build.0 = Release|Any CPU
		{5B29FCA6-27EB-B348-13C1-0EA986EC26A7}.Debug|Any CPU.ActiveCfg = Debug|Any CPU
		{5B29FCA6-27EB-B348-13C1-0EA986EC26A7}.Debug|Any CPU.Build.0 = Debug|Any CPU
		{5B29FCA6-27EB-B348-13C1-0EA986EC26A7}.Release|Any CPU.ActiveCfg = Release|Any CPU
		{5B29FCA6-27EB-B348-13C1-0EA986EC26A7}.Release|Any CPU.Build.0 = Release|Any CPU
	EndGlobalSection
	GlobalSection(SolutionProperties) = preSolution
		HideSolutionNode = FALSE
	EndGlobalSection
	GlobalSection(ExtensibilityGlobals) = postSolution
		SolutionGuid = {D12C1E0F-60CD-4A0A-B9F5-FE64144C1D94}
	EndGlobalSection
EndGlobal
